version = 1
requires-python = ">=3.11"

[[package]]
name = "minilog"
version = "2.3.1"
source = { registry = "https://pypi.org/simple" }
sdist = { url = "https://files.pythonhosted.org/packages/e3/c9/6d4dc9bcd4b97ed89f482eeec0e6bb025942744689215dc2a4ed50415ea4/minilog-2.3.1.tar.gz", hash = "sha256:4b602572c3bcdd2d8f00d879f635c0de9e632d5d0307e131c91074be8acf444e", size = 7364 }
wheels = [
    { url = "https://files.pythonhosted.org/packages/bc/33/731b5be35c83268725451d25eeac78fa0625e9d0c8f115ad3b1e5173737f/minilog-2.3.1-py3-none-any.whl", hash = "sha256:1a679fefe6140ce1d59c3246adc991f9eb480169e5a6c54d2be9023ee459dc30", size = 8960 },
]

[[package]]
name = "python-template"
version = "0.1.0"
source = { virtual = "." }
dependencies = [
    { name = "minilog" },
]

[package.metadata]
requires-dist = [{ name = "minilog", specifier = ">=2.3.1" }]
